
Microsoft Visual Studio Solution File, Format Version 12.00
# Visual Studio Version 17
VisualStudioVersion = 17.1.32328.378
MinimumVisualStudioVersion = 10.0.40219.1
Project("{FAE04EC0-301F-11D3-BF4B-00C04F79EFBC}") = "NeverBounce", "NeverBounce\NeverBounce.csproj", "{088AAF59-328A-4CDF-B92B-D7778F86CFA0}"
EndProject
Project("{FAE04EC0-301F-11D3-BF4B-00C04F79EFBC}") = "Test", "Test\Test.csproj", "{50985351-28B2-4FDC-A55C-0985B7274E3B}"
EndProject
Global
	GlobalSection(SolutionConfigurationPlatforms) = preSolution
		Debug|Any CPU = Debug|Any CPU
		Release|Any CPU = Release|Any CPU
	EndGlobalSection
	GlobalSection(ProjectConfigurationPlatforms) = postSolution
		{088AAF59-328A-4CDF-B92B-D7778F86CFA0}.Debug|Any CPU.ActiveCfg = Debug|Any CPU
		{088AAF59-328A-4CDF-B92B-D7778F86CFA0}.Debug|Any CPU.Build.0 = Debug|Any CPU
		{088AAF59-328A-4CDF-B92B-D7778F86CFA0}.Release|Any CPU.ActiveCfg = Release|Any CPU
		{088AAF59-328A-4CDF-B92B-D7778F86CFA0}.Release|Any CPU.Build.0 = Release|Any CPU
		{50985351-28B2-4FDC-A55C-0985B7274E3B}.Debug|Any CPU.ActiveCfg = Debug|Any CPU
		{50985351-28B2-4FDC-A55C-0985B7274E3B}.Debug|Any CPU.Build.0 = Debug|Any CPU
		{50985351-28B2-4FDC-A55C-0985B7274E3B}.Release|Any CPU.ActiveCfg = Release|Any CPU
		{50985351-28B2-4FDC-A55C-0985B7274E3B}.Release|Any CPU.Build.0 = Release|Any CPU
	EndGlobalSection
	GlobalSection(SolutionProperties) = preSolution
		HideSolutionNode = FALSE
	EndGlobalSection
	GlobalSection(ExtensibilityGlobals) = postSolution
		SolutionGuid = {4FF0A35A-391F-43AE-863F-786B570845B0}
	EndGlobalSection
EndGlobal
